PODS:
  - Alamofire (5.1.0)
  - CryptoSwift (0.10.0)
  - HDWalletKit (0.1.1):
    - CryptoSwift (~> 0.10.0)
    - secp256k1.swift (~> 0.1.4)
  - Locksmith (4.0.0)
  - lottie-ios (2.5.0)
  - Moya (14.0.0):
    - Moya/Core (= 14.0.0)
  - Moya/Core (14.0.0):
    - Alamofire (~> 5.0)
  - PromiseKit (6.2.8):
    - PromiseKit/CorePromise (= 6.2.8)
    - PromiseKit/Foundation (= 6.2.8)
    - PromiseKit/UIKit (= 6.2.8)
  - PromiseKit/CorePromise (6.2.8)
  - PromiseKit/Foundation (6.2.8):
    - PromiseKit/CorePromise
  - PromiseKit/UIKit (6.2.8):
    - PromiseKit/CorePromise
  - QRCodeReader.swift (8.2.0)
  - ReachabilitySwift (4.1.0)
  - Realm (3.20.0):
    - Realm/Headers (= 3.20.0)
  - Realm/Headers (3.20.0)
  - RealmSwift (3.20.0):
    - Realm (= 3.20.0)
  - secp256k1.swift (0.1.4)
  - Starscream (3.0.5)
  - SwiftRichString (2.0.1)
  - Toast-Swift (5.0.1)

DEPENDENCIES:
  - CryptoSwift (~> 0.10.0)
  - HDWalletKit (from `https://github.com/Samourai-Wallet/HDWalletKit.git`, commit `bfedd45259d61d8de9465f91e14f1322e79cdf81`)
  - Locksmith (~> 4.0.0)
  - lottie-ios (~> 2.5.0)
  - Moya (~> 14.0.0)
  - PromiseKit (~> 6.2.8)
  - QRCodeReader.swift (~> 8.2.0)
  - ReachabilitySwift (~> 4.1.0)
  - RealmSwift (~> 3.20.0)
  - secp256k1.swift (~> 0.1.4)
  - Starscream (~> 3.0.5)
  - SwiftRichString (~> 2.0.1)
  - Toast-Swift (~> 5.0.0)

SPEC REPOS:
  https://github.com/CocoaPods/Specs.git:
    - CryptoSwift
    - Locksmith
    - lottie-ios
    - PromiseKit
    - QRCodeReader.swift
    - ReachabilitySwift
    - secp256k1.swift
    - Starscream
    - SwiftRichString
  trunk:
    - Alamofire
    - Moya
    - Realm
    - RealmSwift
    - Toast-Swift

EXTERNAL SOURCES:
  HDWalletKit:
    :commit: bfedd45259d61d8de9465f91e14f1322e79cdf81
    :git: https://github.com/Samourai-Wallet/HDWalletKit.git

CHECKOUT OPTIONS:
  HDWalletKit:
    :commit: bfedd45259d61d8de9465f91e14f1322e79cdf81
    :git: https://github.com/Samourai-Wallet/HDWalletKit.git

SPEC CHECKSUMS:
  Alamofire: 9d5c5f602928e512395b30950c5984eca840093c
  CryptoSwift: 6c778d69282bed3b4e975ff97a79d074f20bb011
  HDWalletKit: 6ee3b97f4565f052e6739ba26749e2002782d0e2
  Locksmith: e9bebbaaa4cee3c511bc358a44f843c3fe00e21f
  lottie-ios: d699fdee68d7b63e721d949388b015fef1aaa4ac
  Moya: 5b45dacb75adb009f97fde91c204c1e565d31916
  PromiseKit: 6788ce1a0ed5448b83d4aaf56b9fc49fb7647d32
  QRCodeReader.swift: 003eb32f18a5a675b936ec82ba0ff368cddbff45
  ReachabilitySwift: 6849231cd4e06559f3b9ef4a97a0a0f96d41e09f
  Realm: 8b2ca5bc6479a91f379b6b42b5922e396cd5ba5a
  RealmSwift: 1949ef26a279e1845bd51d591b9103adfcd121df
  secp256k1.swift: a7e7a214f6db6ce5db32cc6b2b45e5c4dd633634
  Starscream: faf918b2f2eff7d5dd21180646bf015a669673bd
  SwiftRichString: 3b29b5f2eb0eb244497532f2fd2ec26318eae584
  Toast-Swift: 9b6a70f28b3bf0b96c40d46c0c4b9d6639846711

PODFILE CHECKSUM: b580adfc754263cb900d53659e84ec2908c4f917

COCOAPODS: 1.9.1
