// !$*UTF8*$!
{
	archiveVersion = 1;
	classes = {
	};
	objectVersion = 50;
	objects = {

/* Begin PBXBuildFile section */
		5DEE9D098471CDF1759850A9 /* Pods_Sentinel.framework in Frameworks */ = {isa = PBXBuildFile; fileRef = 206EA544E973294A55265168 /* Pods_Sentinel.framework */; };
		801E167C20C06326003D80FE /* AppDelegate.swift in Sources */ = {isa = PBXBuildFile; fileRef = 801E167B20C06326003D80FE /* AppDelegate.swift */; };
		801E168120C06326003D80FE /* Main.storyboard in Resources */ = {isa = PBXBuildFile; fileRef = 801E167F20C06326003D80FE /* Main.storyboard */; };
		801E168320C06327003D80FE /* Assets.xcassets in Resources */ = {isa = PBXBuildFile; fileRef = 801E168220C06327003D80FE /* Assets.xcassets */; };
		801E168620C06327003D80FE /* LaunchScreen.storyboard in Resources */ = {isa = PBXBuildFile; fileRef = 801E168420C06327003D80FE /* LaunchScreen.storyboard */; };
		806E2A0B20C089C200C6F76E /* Transaction.swift in Sources */ = {isa = PBXBuildFile; fileRef = 806E2A0A20C089C200C6F76E /* Transaction.swift */; };
		806E2A0D20C092F000C6F76E /* HD.swift in Sources */ = {isa = PBXBuildFile; fileRef = 806E2A0C20C092F000C6F76E /* HD.swift */; };
		806E2A0F20C09A9500C6F76E /* Unspent.swift in Sources */ = {isa = PBXBuildFile; fileRef = 806E2A0E20C09A9500C6F76E /* Unspent.swift */; };
		80724C0520C069C5005EC9A1 /* SamouraiProvider.swift in Sources */ = {isa = PBXBuildFile; fileRef = 80724C0420C069C5005EC9A1 /* SamouraiProvider.swift */; };
		807E26A820C0A69B00B03C4A /* SMP.swift in Sources */ = {isa = PBXBuildFile; fileRef = 807E26A620C0A69B00B03C4A /* SMP.swift */; };
		807E26A920C0A69B00B03C4A /* BigInt+Extension.swift in Sources */ = {isa = PBXBuildFile; fileRef = 807E26A720C0A69B00B03C4A /* BigInt+Extension.swift */; };
		807E26B620C0A6A200B03C4A /* RIPEMD160.swift in Sources */ = {isa = PBXBuildFile; fileRef = 807E26AA20C0A6A100B03C4A /* RIPEMD160.swift */; };
		807E26B720C0A6A200B03C4A /* Bech32.swift in Sources */ = {isa = PBXBuildFile; fileRef = 807E26AB20C0A6A100B03C4A /* Bech32.swift */; };
		807E26B820C0A6A200B03C4A /* PrivateKey.swift in Sources */ = {isa = PBXBuildFile; fileRef = 807E26AC20C0A6A100B03C4A /* PrivateKey.swift */; };
		807E26B920C0A6A200B03C4A /* Wallet.swift in Sources */ = {isa = PBXBuildFile; fileRef = 807E26AD20C0A6A100B03C4A /* Wallet.swift */; };
		807E26BA20C0A6A200B03C4A /* Network.swift in Sources */ = {isa = PBXBuildFile; fileRef = 807E26AE20C0A6A100B03C4A /* Network.swift */; };
		807E26BB20C0A6A200B03C4A /* DataConvertable.swift in Sources */ = {isa = PBXBuildFile; fileRef = 807E26AF20C0A6A100B03C4A /* DataConvertable.swift */; };
		807E26BC20C0A6A200B03C4A /* Mnemonic.swift in Sources */ = {isa = PBXBuildFile; fileRef = 807E26B020C0A6A100B03C4A /* Mnemonic.swift */; };
		807E26BD20C0A6A200B03C4A /* Crypto.swift in Sources */ = {isa = PBXBuildFile; fileRef = 807E26B120C0A6A100B03C4A /* Crypto.swift */; };
		807E26BE20C0A6A200B03C4A /* PublicKey.swift in Sources */ = {isa = PBXBuildFile; fileRef = 807E26B220C0A6A100B03C4A /* PublicKey.swift */; };
		807E26BF20C0A6A200B03C4A /* SegwitAddrCoder.swift in Sources */ = {isa = PBXBuildFile; fileRef = 807E26B320C0A6A200B03C4A /* SegwitAddrCoder.swift */; };
		807E26C020C0A6A200B03C4A /* WordList.swift in Sources */ = {isa = PBXBuildFile; fileRef = 807E26B420C0A6A200B03C4A /* WordList.swift */; };
		807E26C120C0A6A200B03C4A /* Base58Encode.swift in Sources */ = {isa = PBXBuildFile; fileRef = 807E26B520C0A6A200B03C4A /* Base58Encode.swift */; };
		807E26C320C0A82900B03C4A /* ECDSA.swift in Sources */ = {isa = PBXBuildFile; fileRef = 807E26C220C0A82900B03C4A /* ECDSA.swift */; };
		807E26C920C0A95100B03C4A /* secp256k1.m in Sources */ = {isa = PBXBuildFile; fileRef = 807E26C520C0A95000B03C4A /* secp256k1.m */; };
		807E26CA20C0A95100B03C4A /* NSData+HexString.m in Sources */ = {isa = PBXBuildFile; fileRef = 807E26C620C0A95000B03C4A /* NSData+HexString.m */; };
/* End PBXBuildFile section */

/* Begin PBXFileReference section */
		206EA544E973294A55265168 /* Pods_Sentinel.framework */ = {isa = PBXFileReference; explicitFileType = wrapper.framework; includeInIndex = 0; path = Pods_Sentinel.framework; sourceTree = BUILT_PRODUCTS_DIR; };
		801E167820C06326003D80FE /* Sentinel.app */ = {isa = PBXFileReference; explicitFileType = wrapper.application; includeInIndex = 0; path = Sentinel.app; sourceTree = BUILT_PRODUCTS_DIR; };
		801E167B20C06326003D80FE /* AppDelegate.swift */ = {isa = PBXFileReference; lastKnownFileType = sourcecode.swift; path = AppDelegate.swift; sourceTree = "<group>"; };
		801E168020C06326003D80FE /* Base */ = {isa = PBXFileReference; lastKnownFileType = file.storyboard; name = Base; path = Base.lproj/Main.storyboard; sourceTree = "<group>"; };
		801E168220C06327003D80FE /* Assets.xcassets */ = {isa = PBXFileReference; lastKnownFileType = folder.assetcatalog; path = Assets.xcassets; sourceTree = "<group>"; };
		801E168520C06327003D80FE /* Base */ = {isa = PBXFileReference; lastKnownFileType = file.storyboard; name = Base; path = Base.lproj/LaunchScreen.storyboard; sourceTree = "<group>"; };
		801E168720C06327003D80FE /* Info.plist */ = {isa = PBXFileReference; lastKnownFileType = text.plist.xml; path = Info.plist; sourceTree = "<group>"; };
		806E2A0A20C089C200C6F76E /* Transaction.swift */ = {isa = PBXFileReference; lastKnownFileType = sourcecode.swift; path = Transaction.swift; sourceTree = "<group>"; };
		806E2A0C20C092F000C6F76E /* HD.swift */ = {isa = PBXFileReference; lastKnownFileType = sourcecode.swift; path = HD.swift; sourceTree = "<group>"; };
		806E2A0E20C09A9500C6F76E /* Unspent.swift */ = {isa = PBXFileReference; lastKnownFileType = sourcecode.swift; path = Unspent.swift; sourceTree = "<group>"; };
		80724C0420C069C5005EC9A1 /* SamouraiProvider.swift */ = {isa = PBXFileReference; lastKnownFileType = sourcecode.swift; path = SamouraiProvider.swift; sourceTree = "<group>"; };
		807E26A620C0A69B00B03C4A /* SMP.swift */ = {isa = PBXFileReference; fileEncoding = 4; lastKnownFileType = sourcecode.swift; path = SMP.swift; sourceTree = "<group>"; };
		807E26A720C0A69B00B03C4A /* BigInt+Extension.swift */ = {isa = PBXFileReference; fileEncoding = 4; lastKnownFileType = sourcecode.swift; path = "BigInt+Extension.swift"; sourceTree = "<group>"; };
		807E26AA20C0A6A100B03C4A /* RIPEMD160.swift */ = {isa = PBXFileReference; fileEncoding = 4; lastKnownFileType = sourcecode.swift; path = RIPEMD160.swift; sourceTree = "<group>"; };
		807E26AB20C0A6A100B03C4A /* Bech32.swift */ = {isa = PBXFileReference; fileEncoding = 4; lastKnownFileType = sourcecode.swift; path = Bech32.swift; sourceTree = "<group>"; };
		807E26AC20C0A6A100B03C4A /* PrivateKey.swift */ = {isa = PBXFileReference; fileEncoding = 4; lastKnownFileType = sourcecode.swift; path = PrivateKey.swift; sourceTree = "<group>"; };
		807E26AD20C0A6A100B03C4A /* Wallet.swift */ = {isa = PBXFileReference; fileEncoding = 4; lastKnownFileType = sourcecode.swift; path = Wallet.swift; sourceTree = "<group>"; };
		807E26AE20C0A6A100B03C4A /* Network.swift */ = {isa = PBXFileReference; fileEncoding = 4; lastKnownFileType = sourcecode.swift; path = Network.swift; sourceTree = "<group>"; };
		807E26AF20C0A6A100B03C4A /* DataConvertable.swift */ = {isa = PBXFileReference; fileEncoding = 4; lastKnownFileType = sourcecode.swift; path = DataConvertable.swift; sourceTree = "<group>"; };
		807E26B020C0A6A100B03C4A /* Mnemonic.swift */ = {isa = PBXFileReference; fileEncoding = 4; lastKnownFileType = sourcecode.swift; path = Mnemonic.swift; sourceTree = "<group>"; };
		807E26B120C0A6A100B03C4A /* Crypto.swift */ = {isa = PBXFileReference; fileEncoding = 4; lastKnownFileType = sourcecode.swift; path = Crypto.swift; sourceTree = "<group>"; };
		807E26B220C0A6A100B03C4A /* PublicKey.swift */ = {isa = PBXFileReference; fileEncoding = 4; lastKnownFileType = sourcecode.swift; path = PublicKey.swift; sourceTree = "<group>"; };
		807E26B320C0A6A200B03C4A /* SegwitAddrCoder.swift */ = {isa = PBXFileReference; fileEncoding = 4; lastKnownFileType = sourcecode.swift; path = SegwitAddrCoder.swift; sourceTree = "<group>"; };
		807E26B420C0A6A200B03C4A /* WordList.swift */ = {isa = PBXFileReference; fileEncoding = 4; lastKnownFileType = sourcecode.swift; path = WordList.swift; sourceTree = "<group>"; };
		807E26B520C0A6A200B03C4A /* Base58Encode.swift */ = {isa = PBXFileReference; fileEncoding = 4; lastKnownFileType = sourcecode.swift; path = Base58Encode.swift; sourceTree = "<group>"; };
		807E26C220C0A82900B03C4A /* ECDSA.swift */ = {isa = PBXFileReference; fileEncoding = 4; lastKnownFileType = sourcecode.swift; path = ECDSA.swift; sourceTree = "<group>"; };
		807E26C420C0A95000B03C4A /* Sentinel-Bridging-Header.h */ = {isa = PBXFileReference; lastKnownFileType = sourcecode.c.h; path = "Sentinel-Bridging-Header.h"; sourceTree = "<group>"; };
		807E26C520C0A95000B03C4A /* secp256k1.m */ = {isa = PBXFileReference; fileEncoding = 4; lastKnownFileType = sourcecode.c.objc; path = secp256k1.m; sourceTree = "<group>"; };
		807E26C620C0A95000B03C4A /* NSData+HexString.m */ = {isa = PBXFileReference; fileEncoding = 4; lastKnownFileType = sourcecode.c.objc; path = "NSData+HexString.m"; sourceTree = "<group>"; };
		807E26C720C0A95000B03C4A /* secp256k1.h */ = {isa = PBXFileReference; fileEncoding = 4; lastKnownFileType = sourcecode.c.h; path = secp256k1.h; sourceTree = "<group>"; };
		807E26C820C0A95100B03C4A /* NSData+HexString.h */ = {isa = PBXFileReference; fileEncoding = 4; lastKnownFileType = sourcecode.c.h; path = "NSData+HexString.h"; sourceTree = "<group>"; };
		88AAA009AC52563C30B77C84 /* Pods-Sentinel.debug.xcconfig */ = {isa = PBXFileReference; includeInIndex = 1; lastKnownFileType = text.xcconfig; name = "Pods-Sentinel.debug.xcconfig"; path = "Pods/Target Support Files/Pods-Sentinel/Pods-Sentinel.debug.xcconfig"; sourceTree = "<group>"; };
		DA9C582EE45C0AA5A5CDD6FB /* Pods-Sentinel.release.xcconfig */ = {isa = PBXFileReference; includeInIndex = 1; lastKnownFileType = text.xcconfig; name = "Pods-Sentinel.release.xcconfig"; path = "Pods/Target Support Files/Pods-Sentinel/Pods-Sentinel.release.xcconfig"; sourceTree = "<group>"; };
/* End PBXFileReference section */

/* Begin PBXFrameworksBuildPhase section */
		801E167520C06326003D80FE /* Frameworks */ = {
			isa = PBXFrameworksBuildPhase;
			buildActionMask = 2147483647;
			files = (
				5DEE9D098471CDF1759850A9 /* Pods_Sentinel.framework in Frameworks */,
			);
			runOnlyForDeploymentPostprocessing = 0;
		};
/* End PBXFrameworksBuildPhase section */

/* Begin PBXGroup section */
		801E166F20C06326003D80FE = {
			isa = PBXGroup;
			children = (
				801E167A20C06326003D80FE /* Sentinel */,
				801E167920C06326003D80FE /* Products */,
				C6A3F8AF070575C496E5E047 /* Pods */,
				A948E45EF0799050BC9BF0E6 /* Frameworks */,
			);
			sourceTree = "<group>";
		};
		801E167920C06326003D80FE /* Products */ = {
			isa = PBXGroup;
			children = (
				801E167820C06326003D80FE /* Sentinel.app */,
			);
			name = Products;
			sourceTree = "<group>";
		};
		801E167A20C06326003D80FE /* Sentinel */ = {
			isa = PBXGroup;
			children = (
				807E26CC20C0AABC00B03C4A /* Core */,
				807E26CE20C0AB1600B03C4A /* Supporting Files */,
			);
			path = Sentinel;
			sourceTree = "<group>";
		};
		80724C0320C069B3005EC9A1 /* API */ = {
			isa = PBXGroup;
			children = (
				807E26CD20C0AAD700B03C4A /* Samourai */,
			);
			path = API;
			sourceTree = "<group>";
		};
		807E26A420C0A65900B03C4A /* HDWalletKit */ = {
			isa = PBXGroup;
			children = (
				807E26CB20C0AA8F00B03C4A /* secp256k1 */,
				807E26A520C0A68000B03C4A /* BigInt */,
				807E26B520C0A6A200B03C4A /* Base58Encode.swift */,
				807E26AB20C0A6A100B03C4A /* Bech32.swift */,
				807E26B120C0A6A100B03C4A /* Crypto.swift */,
				807E26AF20C0A6A100B03C4A /* DataConvertable.swift */,
				807E26B020C0A6A100B03C4A /* Mnemonic.swift */,
				807E26AE20C0A6A100B03C4A /* Network.swift */,
				807E26AC20C0A6A100B03C4A /* PrivateKey.swift */,
				807E26B220C0A6A100B03C4A /* PublicKey.swift */,
				807E26AA20C0A6A100B03C4A /* RIPEMD160.swift */,
				807E26B320C0A6A200B03C4A /* SegwitAddrCoder.swift */,
				807E26C220C0A82900B03C4A /* ECDSA.swift */,
				807E26AD20C0A6A100B03C4A /* Wallet.swift */,
				807E26B420C0A6A200B03C4A /* WordList.swift */,
			);
			path = HDWalletKit;
			sourceTree = "<group>";
		};
		807E26A520C0A68000B03C4A /* BigInt */ = {
			isa = PBXGroup;
			children = (
				807E26A720C0A69B00B03C4A /* BigInt+Extension.swift */,
				807E26A620C0A69B00B03C4A /* SMP.swift */,
			);
			path = BigInt;
			sourceTree = "<group>";
		};
		807E26CB20C0AA8F00B03C4A /* secp256k1 */ = {
			isa = PBXGroup;
			children = (
				807E26C820C0A95100B03C4A /* NSData+HexString.h */,
				807E26C620C0A95000B03C4A /* NSData+HexString.m */,
				807E26C720C0A95000B03C4A /* secp256k1.h */,
				807E26C520C0A95000B03C4A /* secp256k1.m */,
			);
			path = secp256k1;
			sourceTree = "<group>";
		};
		807E26CC20C0AABC00B03C4A /* Core */ = {
			isa = PBXGroup;
			children = (
				807E26A420C0A65900B03C4A /* HDWalletKit */,
				80724C0320C069B3005EC9A1 /* API */,
			);
			path = Core;
			sourceTree = "<group>";
		};
		807E26CD20C0AAD700B03C4A /* Samourai */ = {
			isa = PBXGroup;
			children = (
				80724C0420C069C5005EC9A1 /* SamouraiProvider.swift */,
				806E2A0A20C089C200C6F76E /* Transaction.swift */,
				806E2A0C20C092F000C6F76E /* HD.swift */,
				806E2A0E20C09A9500C6F76E /* Unspent.swift */,
			);
			path = Samourai;
			sourceTree = "<group>";
		};
		807E26CE20C0AB1600B03C4A /* Supporting Files */ = {
			isa = PBXGroup;
			children = (
				801E167B20C06326003D80FE /* AppDelegate.swift */,
				807E26C420C0A95000B03C4A /* Sentinel-Bridging-Header.h */,
				801E167F20C06326003D80FE /* Main.storyboard */,
				801E168220C06327003D80FE /* Assets.xcassets */,
				801E168420C06327003D80FE /* LaunchScreen.storyboard */,
				801E168720C06327003D80FE /* Info.plist */,
			);
			path = "Supporting Files";
			sourceTree = "<group>";
		};
		A948E45EF0799050BC9BF0E6 /* Frameworks */ = {
			isa = PBXGroup;
			children = (
				206EA544E973294A55265168 /* Pods_Sentinel.framework */,
			);
			name = Frameworks;
			sourceTree = "<group>";
		};
		C6A3F8AF070575C496E5E047 /* Pods */ = {
			isa = PBXGroup;
			children = (
				88AAA009AC52563C30B77C84 /* Pods-Sentinel.debug.xcconfig */,
				DA9C582EE45C0AA5A5CDD6FB /* Pods-Sentinel.release.xcconfig */,
			);
			name = Pods;
			sourceTree = "<group>";
		};
/* End PBXGroup section */

/* Begin PBXNativeTarget section */
		801E167720C06326003D80FE /* Sentinel */ = {
			isa = PBXNativeTarget;
			buildConfigurationList = 801E168A20C06327003D80FE /* Build configuration list for PBXNativeTarget "Sentinel" */;
			buildPhases = (
				42E8B929B193505FB805FAFA /* [CP] Check Pods Manifest.lock */,
				801E167420C06326003D80FE /* Sources */,
				801E167520C06326003D80FE /* Frameworks */,
				801E167620C06326003D80FE /* Resources */,
				D0EDEE2B67B3FF4539A316D1 /* [CP] Embed Pods Frameworks */,
			);
			buildRules = (
			);
			dependencies = (
			);
			name = Sentinel;
			productName = Sentinel;
			productReference = 801E167820C06326003D80FE /* Sentinel.app */;
			productType = "com.apple.product-type.application";
		};
/* End PBXNativeTarget section */

/* Begin PBXProject section */
		801E167020C06326003D80FE /* Project object */ = {
			isa = PBXProject;
			attributes = {
				LastSwiftUpdateCheck = 0940;
				LastUpgradeCheck = 0940;
				ORGANIZATIONNAME = Samourai;
				TargetAttributes = {
					801E167720C06326003D80FE = {
						CreatedOnToolsVersion = 9.4;
						LastSwiftMigration = 0940;
					};
				};
			};
			buildConfigurationList = 801E167320C06326003D80FE /* Build configuration list for PBXProject "Sentinel" */;
			compatibilityVersion = "Xcode 9.3";
			developmentRegion = en;
			hasScannedForEncodings = 0;
			knownRegions = (
				en,
				Base,
			);
			mainGroup = 801E166F20C06326003D80FE;
			productRefGroup = 801E167920C06326003D80FE /* Products */;
			projectDirPath = "";
			projectRoot = "";
			targets = (
				801E167720C06326003D80FE /* Sentinel */,
			);
		};
/* End PBXProject section */

/* Begin PBXResourcesBuildPhase section */
		801E167620C06326003D80FE /* Resources */ = {
			isa = PBXResourcesBuildPhase;
			buildActionMask = 2147483647;
			files = (
				801E168620C06327003D80FE /* LaunchScreen.storyboard in Resources */,
				801E168320C06327003D80FE /* Assets.xcassets in Resources */,
				801E168120C06326003D80FE /* Main.storyboard in Resources */,
			);
			runOnlyForDeploymentPostprocessing = 0;
		};
/* End PBXResourcesBuildPhase section */

/* Begin PBXShellScriptBuildPhase section */
		42E8B929B193505FB805FAFA /* [CP] Check Pods Manifest.lock */ = {
			isa = PBXShellScriptBuildPhase;
			buildActionMask = 2147483647;
			files = (
			);
			inputPaths = (
				"${PODS_PODFILE_DIR_PATH}/Podfile.lock",
				"${PODS_ROOT}/Manifest.lock",
			);
			name = "[CP] Check Pods Manifest.lock";
			outputPaths = (
				"$(DERIVED_FILE_DIR)/Pods-Sentinel-checkManifestLockResult.txt",
			);
			runOnlyForDeploymentPostprocessing = 0;
			shellPath = /bin/sh;
			shellScript = "diff \"${PODS_PODFILE_DIR_PATH}/Podfile.lock\" \"${PODS_ROOT}/Manifest.lock\" > /dev/null\nif [ $? != 0 ] ; then\n    # print error to STDERR\n    echo \"error: The sandbox is not in sync with the Podfile.lock. Run 'pod install' or update your CocoaPods installation.\" >&2\n    exit 1\nfi\n# This output is used by Xcode 'outputs' to avoid re-running this script phase.\necho \"SUCCESS\" > \"${SCRIPT_OUTPUT_FILE_0}\"\n";
			showEnvVarsInLog = 0;
		};
		D0EDEE2B67B3FF4539A316D1 /* [CP] Embed Pods Frameworks */ = {
			isa = PBXShellScriptBuildPhase;
			buildActionMask = 2147483647;
			files = (
			);
			inputPaths = (
				"${SRCROOT}/Pods/Target Support Files/Pods-Sentinel/Pods-Sentinel-frameworks.sh",
				"${BUILT_PRODUCTS_DIR}/Alamofire/Alamofire.framework",
				"${BUILT_PRODUCTS_DIR}/CryptoSwift/CryptoSwift.framework",
				"${BUILT_PRODUCTS_DIR}/Moya/Moya.framework",
				"${BUILT_PRODUCTS_DIR}/PromiseKit/PromiseKit.framework",
				"${BUILT_PRODUCTS_DIR}/Result/Result.framework",
				"${BUILT_PRODUCTS_DIR}/secp256k1.swift/secp256k1.framework",
			);
			name = "[CP] Embed Pods Frameworks";
			outputPaths = (
				"${TARGET_BUILD_DIR}/${FRAMEWORKS_FOLDER_PATH}/Alamofire.framework",
				"${TARGET_BUILD_DIR}/${FRAMEWORKS_FOLDER_PATH}/CryptoSwift.framework",
				"${TARGET_BUILD_DIR}/${FRAMEWORKS_FOLDER_PATH}/Moya.framework",
				"${TARGET_BUILD_DIR}/${FRAMEWORKS_FOLDER_PATH}/PromiseKit.framework",
				"${TARGET_BUILD_DIR}/${FRAMEWORKS_FOLDER_PATH}/Result.framework",
				"${TARGET_BUILD_DIR}/${FRAMEWORKS_FOLDER_PATH}/secp256k1.framework",
			);
			runOnlyForDeploymentPostprocessing = 0;
			shellPath = /bin/sh;
			shellScript = "\"${SRCROOT}/Pods/Target Support Files/Pods-Sentinel/Pods-Sentinel-frameworks.sh\"\n";
			showEnvVarsInLog = 0;
		};
/* End PBXShellScriptBuildPhase section */

/* Begin PBXSourcesBuildPhase section */
		801E167420C06326003D80FE /* Sources */ = {
			isa = PBXSourcesBuildPhase;
			buildActionMask = 2147483647;
			files = (
				807E26A920C0A69B00B03C4A /* BigInt+Extension.swift in Sources */,
				807E26A820C0A69B00B03C4A /* SMP.swift in Sources */,
				807E26BE20C0A6A200B03C4A /* PublicKey.swift in Sources */,
				807E26BB20C0A6A200B03C4A /* DataConvertable.swift in Sources */,
				807E26BA20C0A6A200B03C4A /* Network.swift in Sources */,
				807E26B620C0A6A200B03C4A /* RIPEMD160.swift in Sources */,
				807E26C320C0A82900B03C4A /* ECDSA.swift in Sources */,
				807E26CA20C0A95100B03C4A /* NSData+HexString.m in Sources */,
				807E26B920C0A6A200B03C4A /* Wallet.swift in Sources */,
				807E26C120C0A6A200B03C4A /* Base58Encode.swift in Sources */,
				806E2A0F20C09A9500C6F76E /* Unspent.swift in Sources */,
				806E2A0D20C092F000C6F76E /* HD.swift in Sources */,
				801E167C20C06326003D80FE /* AppDelegate.swift in Sources */,
				80724C0520C069C5005EC9A1 /* SamouraiProvider.swift in Sources */,
				806E2A0B20C089C200C6F76E /* Transaction.swift in Sources */,
				807E26BC20C0A6A200B03C4A /* Mnemonic.swift in Sources */,
				807E26BD20C0A6A200B03C4A /* Crypto.swift in Sources */,
				807E26B720C0A6A200B03C4A /* Bech32.swift in Sources */,
				807E26C920C0A95100B03C4A /* secp256k1.m in Sources */,
				807E26B820C0A6A200B03C4A /* PrivateKey.swift in Sources */,
				807E26BF20C0A6A200B03C4A /* SegwitAddrCoder.swift in Sources */,
				807E26C020C0A6A200B03C4A /* WordList.swift in Sources */,
			);
			runOnlyForDeploymentPostprocessing = 0;
		};
/* End PBXSourcesBuildPhase section */

/* Begin PBXVariantGroup section */
		801E167F20C06326003D80FE /* Main.storyboard */ = {
			isa = PBXVariantGroup;
			children = (
				801E168020C06326003D80FE /* Base */,
			);
			name = Main.storyboard;
			sourceTree = "<group>";
		};
		801E168420C06327003D80FE /* LaunchScreen.storyboard */ = {
			isa = PBXVariantGroup;
			children = (
				801E168520C06327003D80FE /* Base */,
			);
			name = LaunchScreen.storyboard;
			sourceTree = "<group>";
		};
/* End PBXVariantGroup section */

/* Begin XCBuildConfiguration section */
		801E168820C06327003D80FE /* Debug */ = {
			isa = XCBuildConfiguration;
			buildSettings = {
				ALWAYS_SEARCH_USER_PATHS = NO;
				CLANG_ANALYZER_NONNULL = YES;
				CLANG_ANALYZER_NUMBER_OBJECT_CONVERSION = YES_AGGRESSIVE;
				CLANG_CXX_LANGUAGE_STANDARD = "gnu++14";
				CLANG_CXX_LIBRARY = "libc++";
				CLANG_ENABLE_MODULES = YES;
				CLANG_ENABLE_OBJC_ARC = YES;
				CLANG_ENABLE_OBJC_WEAK = YES;
				CLANG_WARN_BLOCK_CAPTURE_AUTORELEASING = YES;
				CLANG_WARN_BOOL_CONVERSION = YES;
				CLANG_WARN_COMMA = YES;
				CLANG_WARN_CONSTANT_CONVERSION = YES;
				CLANG_WARN_DEPRECATED_OBJC_IMPLEMENTATIONS = YES;
				CLANG_WARN_DIRECT_OBJC_ISA_USAGE = YES_ERROR;
				CLANG_WARN_DOCUMENTATION_COMMENTS = YES;
				CLANG_WARN_EMPTY_BODY = YES;
				CLANG_WARN_ENUM_CONVERSION = YES;
				CLANG_WARN_INFINITE_RECURSION = YES;
				CLANG_WARN_INT_CONVERSION = YES;
				CLANG_WARN_NON_LITERAL_NULL_CONVERSION = YES;
				CLANG_WARN_OBJC_IMPLICIT_RETAIN_SELF = YES;
				CLANG_WARN_OBJC_LITERAL_CONVERSION = YES;
				CLANG_WARN_OBJC_ROOT_CLASS = YES_ERROR;
				CLANG_WARN_RANGE_LOOP_ANALYSIS = YES;
				CLANG_WARN_STRICT_PROTOTYPES = YES;
				CLANG_WARN_SUSPICIOUS_MOVE = YES;
				CLANG_WARN_UNGUARDED_AVAILABILITY = YES_AGGRESSIVE;
				CLANG_WARN_UNREACHABLE_CODE = YES;
				CLANG_WARN__DUPLICATE_METHOD_MATCH = YES;
				CODE_SIGN_IDENTITY = "iPhone Developer";
				COPY_PHASE_STRIP = NO;
				DEBUG_INFORMATION_FORMAT = dwarf;
				ENABLE_STRICT_OBJC_MSGSEND = YES;
				ENABLE_TESTABILITY = YES;
				GCC_C_LANGUAGE_STANDARD = gnu11;
				GCC_DYNAMIC_NO_PIC = NO;
				GCC_NO_COMMON_BLOCKS = YES;
				GCC_OPTIMIZATION_LEVEL = 0;
				GCC_PREPROCESSOR_DEFINITIONS = (
					"DEBUG=1",
					"$(inherited)",
				);
				GCC_WARN_64_TO_32_BIT_CONVERSION = YES;
				GCC_WARN_ABOUT_RETURN_TYPE = YES_ERROR;
				GCC_WARN_UNDECLARED_SELECTOR = YES;
				GCC_WARN_UNINITIALIZED_AUTOS = YES_AGGRESSIVE;
				GCC_WARN_UNUSED_FUNCTION = YES;
				GCC_WARN_UNUSED_VARIABLE = YES;
				IPHONEOS_DEPLOYMENT_TARGET = 11.4;
				MTL_ENABLE_DEBUG_INFO = YES;
				ONLY_ACTIVE_ARCH = YES;
				SDKROOT = iphoneos;
				SWIFT_ACTIVE_COMPILATION_CONDITIONS = DEBUG;
				SWIFT_OPTIMIZATION_LEVEL = "-Onone";
			};
			name = Debug;
		};
		801E168920C06327003D80FE /* Release */ = {
			isa = XCBuildConfiguration;
			buildSettings = {
				ALWAYS_SEARCH_USER_PATHS = NO;
				CLANG_ANALYZER_NONNULL = YES;
				CLANG_ANALYZER_NUMBER_OBJECT_CONVERSION = YES_AGGRESSIVE;
				CLANG_CXX_LANGUAGE_STANDARD = "gnu++14";
				CLANG_CXX_LIBRARY = "libc++";
				CLANG_ENABLE_MODULES = YES;
				CLANG_ENABLE_OBJC_ARC = YES;
				CLANG_ENABLE_OBJC_WEAK = YES;
				CLANG_WARN_BLOCK_CAPTURE_AUTORELEASING = YES;
				CLANG_WARN_BOOL_CONVERSION = YES;
				CLANG_WARN_COMMA = YES;
				CLANG_WARN_CONSTANT_CONVERSION = YES;
				CLANG_WARN_DEPRECATED_OBJC_IMPLEMENTATIONS = YES;
				CLANG_WARN_DIRECT_OBJC_ISA_USAGE = YES_ERROR;
				CLANG_WARN_DOCUMENTATION_COMMENTS = YES;
				CLANG_WARN_EMPTY_BODY = YES;
				CLANG_WARN_ENUM_CONVERSION = YES;
				CLANG_WARN_INFINITE_RECURSION = YES;
				CLANG_WARN_INT_CONVERSION = YES;
				CLANG_WARN_NON_LITERAL_NULL_CONVERSION = YES;
				CLANG_WARN_OBJC_IMPLICIT_RETAIN_SELF = YES;
				CLANG_WARN_OBJC_LITERAL_CONVERSION = YES;
				CLANG_WARN_OBJC_ROOT_CLASS = YES_ERROR;
				CLANG_WARN_RANGE_LOOP_ANALYSIS = YES;
				CLANG_WARN_STRICT_PROTOTYPES = YES;
				CLANG_WARN_SUSPICIOUS_MOVE = YES;
				CLANG_WARN_UNGUARDED_AVAILABILITY = YES_AGGRESSIVE;
				CLANG_WARN_UNREACHABLE_CODE = YES;
				CLANG_WARN__DUPLICATE_METHOD_MATCH = YES;
				CODE_SIGN_IDENTITY = "iPhone Developer";
				COPY_PHASE_STRIP = NO;
				DEBUG_INFORMATION_FORMAT = "dwarf-with-dsym";
				ENABLE_NS_ASSERTIONS = NO;
				ENABLE_STRICT_OBJC_MSGSEND = YES;
				GCC_C_LANGUAGE_STANDARD = gnu11;
				GCC_NO_COMMON_BLOCKS = YES;
				GCC_WARN_64_TO_32_BIT_CONVERSION = YES;
				GCC_WARN_ABOUT_RETURN_TYPE = YES_ERROR;
				GCC_WARN_UNDECLARED_SELECTOR = YES;
				GCC_WARN_UNINITIALIZED_AUTOS = YES_AGGRESSIVE;
				GCC_WARN_UNUSED_FUNCTION = YES;
				GCC_WARN_UNUSED_VARIABLE = YES;
				IPHONEOS_DEPLOYMENT_TARGET = 11.4;
				MTL_ENABLE_DEBUG_INFO = NO;
				SDKROOT = iphoneos;
				SWIFT_COMPILATION_MODE = wholemodule;
				SWIFT_OPTIMIZATION_LEVEL = "-O";
				VALIDATE_PRODUCT = YES;
			};
			name = Release;
		};
		801E168B20C06327003D80FE /* Debug */ = {
			isa = XCBuildConfiguration;
			baseConfigurationReference = 88AAA009AC52563C30B77C84 /* Pods-Sentinel.debug.xcconfig */;
			buildSettings = {
				ASSETCATALOG_COMPILER_APPICON_NAME = AppIcon;
				CLANG_ENABLE_MODULES = YES;
				CODE_SIGN_STYLE = Manual;
				DEVELOPMENT_TEAM = "";
				INFOPLIST_FILE = "$(SRCROOT)/Sentinel/Supporting Files/Info.plist";
				LD_RUNPATH_SEARCH_PATHS = (
					"$(inherited)",
					"@executable_path/Frameworks",
				);
				PRODUCT_BUNDLE_IDENTIFIER = com.samourai.Sentinel;
				PRODUCT_NAME = "$(TARGET_NAME)";
				PROVISIONING_PROFILE_SPECIFIER = "";
				SWIFT_OBJC_BRIDGING_HEADER = "Sentinel/Supporting Files/Sentinel-Bridging-Header.h";
				SWIFT_OPTIMIZATION_LEVEL = "-Onone";
				SWIFT_VERSION = 4.0;
				TARGETED_DEVICE_FAMILY = "1,2";
			};
			name = Debug;
		};
		801E168C20C06327003D80FE /* Release */ = {
			isa = XCBuildConfiguration;
			baseConfigurationReference = DA9C582EE45C0AA5A5CDD6FB /* Pods-Sentinel.release.xcconfig */;
			buildSettings = {
				ASSETCATALOG_COMPILER_APPICON_NAME = AppIcon;
				CLANG_ENABLE_MODULES = YES;
				CODE_SIGN_STYLE = Manual;
				DEVELOPMENT_TEAM = "";
				INFOPLIST_FILE = "$(SRCROOT)/Sentinel/Supporting Files/Info.plist";
				LD_RUNPATH_SEARCH_PATHS = (
					"$(inherited)",
					"@executable_path/Frameworks",
				);
				PRODUCT_BUNDLE_IDENTIFIER = com.samourai.Sentinel;
				PRODUCT_NAME = "$(TARGET_NAME)";
				PROVISIONING_PROFILE_SPECIFIER = "";
				SWIFT_OBJC_BRIDGING_HEADER = "Sentinel/Supporting Files/Sentinel-Bridging-Header.h";
				SWIFT_VERSION = 4.0;
				TARGETED_DEVICE_FAMILY = "1,2";
			};
			name = Release;
		};
/* End XCBuildConfiguration section */

/* Begin XCConfigurationList section */
		801E167320C06326003D80FE /* Build configuration list for PBXProject "Sentinel" */ = {
			isa = XCConfigurationList;
			buildConfigurations = (
				801E168820C06327003D80FE /* Debug */,
				801E168920C06327003D80FE /* Release */,
			);
			defaultConfigurationIsVisible = 0;
			defaultConfigurationName = Release;
		};
		801E168A20C06327003D80FE /* Build configuration list for PBXNativeTarget "Sentinel" */ = {
			isa = XCConfigurationList;
			buildConfigurations = (
				801E168B20C06327003D80FE /* Debug */,
				801E168C20C06327003D80FE /* Release */,
			);
			defaultConfigurationIsVisible = 0;
			defaultConfigurationName = Release;
		};
/* End XCConfigurationList section */
	};
	rootObject = 801E167020C06326003D80FE /* Project object */;
}
